
Microsoft Visual Studio Solution File, Format Version 12.00
# Visual Studio Version 17
VisualStudioVersion = 17.4.33213.308
MinimumVisualStudioVersion = 10.0.40219.1
Project("{FAE04EC0-301F-11D3-BF4B-00C04F79EFBC}") = "cxxpm", "cxxpm\cxxpm.csproj", "{7BD57EC5-E81E-4268-B89A-80092478D691}"
EndProject
Global
	GlobalSection(SolutionConfigurationPlatforms) = preSolution
		Debug|Any CPU = Debug|Any CPU
		Release|Any CPU = Release|Any CPU
	EndGlobalSection
	GlobalSection(ProjectConfigurationPlatforms) = postSolution
		{7BD57EC5-E81E-4268-B89A-80092478D691}.Debug|Any CPU.ActiveCfg = Debug|Any CPU
		{7BD57EC5-E81E-4268-B89A-80092478D691}.Debug|Any CPU.Build.0 = Debug|Any CPU
		{7BD57EC5-E81E-4268-B89A-80092478D691}.Release|Any CPU.ActiveCfg = Release|Any CPU
		{7BD57EC5-E81E-4268-B89A-80092478D691}.Release|Any CPU.Build.0 = Release|Any CPU
	EndGlobalSection
	GlobalSection(SolutionProperties) = preSolution
		HideSolutionNode = FALSE
	EndGlobalSection
	GlobalSection(ExtensibilityGlobals) = postSolution
		SolutionGuid = {7DA54E33-3F0E-46AB-8E79-978CF7FD678A}
	EndGlobalSection
EndGlobal
